
Microsoft Visual Studio Solution File, Format Version 12.00
# Visual Studio Version 17
VisualStudioVersion = 17.13.35818.85
MinimumVisualStudioVersion = 10.0.40219.1
Project("{FAE04EC0-301F-11D3-BF4B-00C04F79EFBC}") = "EmployeeWebApi", "EmployeeWebApi\EmployeeWebApi.csproj", "{2663CDBD-6AE6-4F38-9870-437FF0A10089}"
EndProject
Project("{FAE04EC0-301F-11D3-BF4B-00C04F79EFBC}") = "EmployeeApi.DAL", "EmployeeApi.DAL\EmployeeApi.DAL.csproj", "{2A090F96-C71A-4885-B6D2-64A5DC03E073}"
EndProject
Project("{FAE04EC0-301F-11D3-BF4B-00C04F79EFBC}") = "EmployeeApi.Core", "EmployeeApi.Core\EmployeeApi.Core.csproj", "{C3E2618D-8715-4216-A79C-BBCF9FDDF2B9}"
EndProject
Global
	GlobalSection(SolutionConfigurationPlatforms) = preSolution
		Debug|Any CPU = Debug|Any CPU
		Release|Any CPU = Release|Any CPU
	EndGlobalSection
	GlobalSection(ProjectConfigurationPlatforms) = postSolution
		{2663CDBD-6AE6-4F38-9870-437FF0A10089}.Debug|Any CPU.ActiveCfg = Debug|Any CPU
		{2663CDBD-6AE6-4F38-9870-437FF0A10089}.Debug|Any CPU.Build.0 = Debug|Any CPU
		{2663CDBD-6AE6-4F38-9870-437FF0A10089}.Release|Any CPU.ActiveCfg = Release|Any CPU
		{2663CDBD-6AE6-4F38-9870-437FF0A10089}.Release|Any CPU.Build.0 = Release|Any CPU
		{2A090F96-C71A-4885-B6D2-64A5DC03E073}.Debug|Any CPU.ActiveCfg = Debug|Any CPU
		{2A090F96-C71A-4885-B6D2-64A5DC03E073}.Debug|Any CPU.Build.0 = Debug|Any CPU
		{2A090F96-C71A-4885-B6D2-64A5DC03E073}.Release|Any CPU.ActiveCfg = Release|Any CPU
		{2A090F96-C71A-4885-B6D2-64A5DC03E073}.Release|Any CPU.Build.0 = Release|Any CPU
		{C3E2618D-8715-4216-A79C-BBCF9FDDF2B9}.Debug|Any CPU.ActiveCfg = Debug|Any CPU
		{C3E2618D-8715-4216-A79C-BBCF9FDDF2B9}.Debug|Any CPU.Build.0 = Debug|Any CPU
		{C3E2618D-8715-4216-A79C-BBCF9FDDF2B9}.Release|Any CPU.ActiveCfg = Release|Any CPU
		{C3E2618D-8715-4216-A79C-BBCF9FDDF2B9}.Release|Any CPU.Build.0 = Release|Any CPU
	EndGlobalSection
	GlobalSection(SolutionProperties) = preSolution
		HideSolutionNode = FALSE
	EndGlobalSection
	GlobalSection(ExtensibilityGlobals) = postSolution
		SolutionGuid = {FA76E8E8-1282-4268-871F-C1F90CF4AA86}
	EndGlobalSection
EndGlobal
